// !$*UTF8*$!
{
	archiveVersion = 1;
	classes = {
	};
	objectVersion = 50;
	objects = {

/* Begin PBXBuildFile section */
		2F24BDAE2C3E4581B52CBBB3 /* Pods_usingJSONTests.framework in Frameworks */ = {isa = PBXBuildFile; fileRef = E2E26F41E6A7B461E8BAC66D /* Pods_usingJSONTests.framework */; };
		7900348DD0B54CE3F301327A /* Pods_usingJSONUITests.framework in Frameworks */ = {isa = PBXBuildFile; fileRef = C09F3EC547D990B6E705A196 /* Pods_usingJSONUITests.framework */; };
		A786C330210E69AB00EC9947 /* AppDelegate.swift in Sources */ = {isa = PBXBuildFile; fileRef = A786C32F210E69AB00EC9947 /* AppDelegate.swift */; };
		A786C332210E69AB00EC9947 /* ViewController.swift in Sources */ = {isa = PBXBuildFile; fileRef = A786C331210E69AB00EC9947 /* ViewController.swift */; };
		A786C335210E69AB00EC9947 /* Main.storyboard in Resources */ = {isa = PBXBuildFile; fileRef = A786C333210E69AB00EC9947 /* Main.storyboard */; };
		A786C338210E69AB00EC9947 /* usingJSON.xcdatamodeld in Sources */ = {isa = PBXBuildFile; fileRef = A786C336210E69AB00EC9947 /* usingJSON.xcdatamodeld */; };
		A786C33A210E69B000EC9947 /* Assets.xcassets in Resources */ = {isa = PBXBuildFile; fileRef = A786C339210E69B000EC9947 /* Assets.xcassets */; };
		A786C33D210E69B000EC9947 /* LaunchScreen.storyboard in Resources */ = {isa = PBXBuildFile; fileRef = A786C33B210E69B000EC9947 /* LaunchScreen.storyboard */; };
		A786C348210E69B000EC9947 /* usingJSONTests.swift in Sources */ = {isa = PBXBuildFile; fileRef = A786C347210E69B000EC9947 /* usingJSONTests.swift */; };
		A786C353210E69B000EC9947 /* usingJSONUITests.swift in Sources */ = {isa = PBXBuildFile; fileRef = A786C352210E69B000EC9947 /* usingJSONUITests.swift */; };
		A786C361210E69C500EC9947 /* DataService.swift in Sources */ = {isa = PBXBuildFile; fileRef = A786C360210E69C500EC9947 /* DataService.swift */; };
		A786C363210E6B1300EC9947 /* someJSON.json in Resources */ = {isa = PBXBuildFile; fileRef = A786C362210E6B1300EC9947 /* someJSON.json */; };
		A786C365210EB95A00EC9947 /* SwiftyPerson.swift in Sources */ = {isa = PBXBuildFile; fileRef = A786C364210EB95A00EC9947 /* SwiftyPerson.swift */; };
		A786C367210EB9A900EC9947 /* FreddyPerson.swift in Sources */ = {isa = PBXBuildFile; fileRef = A786C366210EB9A900EC9947 /* FreddyPerson.swift */; };
		A786C369210EB9E800EC9947 /* GlossPerson.swift in Sources */ = {isa = PBXBuildFile; fileRef = A786C368210EB9E800EC9947 /* GlossPerson.swift */; };
		AB7D48F0AAD3512B40CD9484 /* Pods_usingJSON.framework in Frameworks */ = {isa = PBXBuildFile; fileRef = FF36884A430816D46EAC012E /* Pods_usingJSON.framework */; };
/* End PBXBuildFile section */

/* Begin PBXContainerItemProxy section */
		A786C344210E69B000EC9947 /* PBXContainerItemProxy */ = {
			isa = PBXContainerItemProxy;
			containerPortal = A786C324210E69AB00EC9947 /* Project object */;
			proxyType = 1;
			remoteGlobalIDString = A786C32B210E69AB00EC9947;
			remoteInfo = usingJSON;
		};
		A786C34F210E69B000EC9947 /* PBXContainerItemProxy */ = {
			isa = PBXContainerItemProxy;
			containerPortal = A786C324210E69AB00EC9947 /* Project object */;
			proxyType = 1;
			remoteGlobalIDString = A786C32B210E69AB00EC9947;
			remoteInfo = usingJSON;
		};
/* End PBXContainerItemProxy section */

/* Begin PBXFileReference section */
		255DB7773F1EEF0A365308D1 /* Pods-usingJSONTests.debug.xcconfig */ = {isa = PBXFileReference; includeInIndex = 1; lastKnownFileType = text.xcconfig; name = "Pods-usingJSONTests.debug.xcconfig"; path = "Pods/Target Support Files/Pods-usingJSONTests/Pods-usingJSONTests.debug.xcconfig"; sourceTree = "<group>"; };
		4FA045DE1AA37A3C033C2B2A /* Pods-usingJSON.release.xcconfig */ = {isa = PBXFileReference; includeInIndex = 1; lastKnownFileType = text.xcconfig; name = "Pods-usingJSON.release.xcconfig"; path = "Pods/Target Support Files/Pods-usingJSON/Pods-usingJSON.release.xcconfig"; sourceTree = "<group>"; };
		A786C32C210E69AB00EC9947 /* usingJSON.app */ = {isa = PBXFileReference; explicitFileType = wrapper.application; includeInIndex = 0; path = usingJSON.app; sourceTree = BUILT_PRODUCTS_DIR; };
		A786C32F210E69AB00EC9947 /* AppDelegate.swift */ = {isa = PBXFileReference; lastKnownFileType = sourcecode.swift; path = AppDelegate.swift; sourceTree = "<group>"; };
		A786C331210E69AB00EC9947 /* ViewController.swift */ = {isa = PBXFileReference; lastKnownFileType = sourcecode.swift; path = ViewController.swift; sourceTree = "<group>"; };
		A786C334210E69AB00EC9947 /* Base */ = {isa = PBXFileReference; lastKnownFileType = file.storyboard; name = Base; path = Base.lproj/Main.storyboard; sourceTree = "<group>"; };
		A786C337210E69AB00EC9947 /* usingJSON.xcdatamodel */ = {isa = PBXFileReference; lastKnownFileType = wrapper.xcdatamodel; path = usingJSON.xcdatamodel; sourceTree = "<group>"; };
		A786C339210E69B000EC9947 /* Assets.xcassets */ = {isa = PBXFileReference; lastKnownFileType = folder.assetcatalog; path = Assets.xcassets; sourceTree = "<group>"; };
		A786C33C210E69B000EC9947 /* Base */ = {isa = PBXFileReference; lastKnownFileType = file.storyboard; name = Base; path = Base.lproj/LaunchScreen.storyboard; sourceTree = "<group>"; };
		A786C33E210E69B000EC9947 /* Info.plist */ = {isa = PBXFileReference; lastKnownFileType = text.plist.xml; path = Info.plist; sourceTree = "<group>"; };
		A786C343210E69B000EC9947 /* usingJSONTests.xctest */ = {isa = PBXFileReference; explicitFileType = wrapper.cfbundle; includeInIndex = 0; path = usingJSONTests.xctest; sourceTree = BUILT_PRODUCTS_DIR; };
		A786C347210E69B000EC9947 /* usingJSONTests.swift */ = {isa = PBXFileReference; lastKnownFileType = sourcecode.swift; path = usingJSONTests.swift; sourceTree = "<group>"; };
		A786C349210E69B000EC9947 /* Info.plist */ = {isa = PBXFileReference; lastKnownFileType = text.plist.xml; path = Info.plist; sourceTree = "<group>"; };
		A786C34E210E69B000EC9947 /* usingJSONUITests.xctest */ = {isa = PBXFileReference; explicitFileType = wrapper.cfbundle; includeInIndex = 0; path = usingJSONUITests.xctest; sourceTree = BUILT_PRODUCTS_DIR; };
		A786C352210E69B000EC9947 /* usingJSONUITests.swift */ = {isa = PBXFileReference; lastKnownFileType = sourcecode.swift; path = usingJSONUITests.swift; sourceTree = "<group>"; };
		A786C354210E69B000EC9947 /* Info.plist */ = {isa = PBXFileReference; lastKnownFileType = text.plist.xml; path = Info.plist; sourceTree = "<group>"; };
		A786C360210E69C500EC9947 /* DataService.swift */ = {isa = PBXFileReference; lastKnownFileType = sourcecode.swift; path = DataService.swift; sourceTree = "<group>"; };
		A786C362210E6B1300EC9947 /* someJSON.json */ = {isa = PBXFileReference; fileEncoding = 4; lastKnownFileType = text.json; path = someJSON.json; sourceTree = "<group>"; };
		A786C364210EB95A00EC9947 /* SwiftyPerson.swift */ = {isa = PBXFileReference; lastKnownFileType = sourcecode.swift; path = SwiftyPerson.swift; sourceTree = "<group>"; };
		A786C366210EB9A900EC9947 /* FreddyPerson.swift */ = {isa = PBXFileReference; lastKnownFileType = sourcecode.swift; path = FreddyPerson.swift; sourceTree = "<group>"; };
		A786C368210EB9E800EC9947 /* GlossPerson.swift */ = {isa = PBXFileReference; lastKnownFileType = sourcecode.swift; path = GlossPerson.swift; sourceTree = "<group>"; };
		B7822AFFA9E1C077B92D8E72 /* Pods-usingJSONUITests.debug.xcconfig */ = {isa = PBXFileReference; includeInIndex = 1; lastKnownFileType = text.xcconfig; name = "Pods-usingJSONUITests.debug.xcconfig"; path = "Pods/Target Support Files/Pods-usingJSONUITests/Pods-usingJSONUITests.debug.xcconfig"; sourceTree = "<group>"; };
		C09F3EC547D990B6E705A196 /* Pods_usingJSONUITests.framework */ = {isa = PBXFileReference; explicitFileType = wrapper.framework; includeInIndex = 0; path = Pods_usingJSONUITests.framework; sourceTree = BUILT_PRODUCTS_DIR; };
		CE517CAA99C6AFF204994B27 /* Pods-usingJSONTests.release.xcconfig */ = {isa = PBXFileReference; includeInIndex = 1; lastKnownFileType = text.xcconfig; name = "Pods-usingJSONTests.release.xcconfig"; path = "Pods/Target Support Files/Pods-usingJSONTests/Pods-usingJSONTests.release.xcconfig"; sourceTree = "<group>"; };
		E04A4931D530311323249F29 /* Pods-usingJSONUITests.release.xcconfig */ = {isa = PBXFileReference; includeInIndex = 1; lastKnownFileType = text.xcconfig; name = "Pods-usingJSONUITests.release.xcconfig"; path = "Pods/Target Support Files/Pods-usingJSONUITests/Pods-usingJSONUITests.release.xcconfig"; sourceTree = "<group>"; };
		E2E26F41E6A7B461E8BAC66D /* Pods_usingJSONTests.framework */ = {isa = PBXFileReference; explicitFileType = wrapper.framework; includeInIndex = 0; path = Pods_usingJSONTests.framework; sourceTree = BUILT_PRODUCTS_DIR; };
		EEB0ABB08A2E616648A64F27 /* Pods-usingJSON.debug.xcconfig */ = {isa = PBXFileReference; includeInIndex = 1; lastKnownFileType = text.xcconfig; name = "Pods-usingJSON.debug.xcconfig"; path = "Pods/Target Support Files/Pods-usingJSON/Pods-usingJSON.debug.xcconfig"; sourceTree = "<group>"; };
		FF36884A430816D46EAC012E /* Pods_usingJSON.framework */ = {isa = PBXFileReference; explicitFileType = wrapper.framework; includeInIndex = 0; path = Pods_usingJSON.framework; sourceTree = BUILT_PRODUCTS_DIR; };
/* End PBXFileReference section */

/* Begin PBXFrameworksBuildPhase section */
		A786C329210E69AB00EC9947 /* Frameworks */ = {
			isa = PBXFrameworksBuildPhase;
			buildActionMask = 2147483647;
			files = (
				AB7D48F0AAD3512B40CD9484 /* Pods_usingJSON.framework in Frameworks */,
			);
			runOnlyForDeploymentPostprocessing = 0;
		};
		A786C340210E69B000EC9947 /* Frameworks */ = {
			isa = PBXFrameworksBuildPhase;
			buildActionMask = 2147483647;
			files = (
				2F24BDAE2C3E4581B52CBBB3 /* Pods_usingJSONTests.framework in Frameworks */,
			);
			runOnlyForDeploymentPostprocessing = 0;
		};
		A786C34B210E69B000EC9947 /* Frameworks */ = {
			isa = PBXFrameworksBuildPhase;
			buildActionMask = 2147483647;
			files = (
				7900348DD0B54CE3F301327A /* Pods_usingJSONUITests.framework in Frameworks */,
			);
			runOnlyForDeploymentPostprocessing = 0;
		};
/* End PBXFrameworksBuildPhase section */

/* Begin PBXGroup section */
		A786C323210E69AB00EC9947 = {
			isa = PBXGroup;
			children = (
				A786C360210E69C500EC9947 /* DataService.swift */,
				A786C32E210E69AB00EC9947 /* usingJSON */,
				A786C346210E69B000EC9947 /* usingJSONTests */,
				A786C351210E69B000EC9947 /* usingJSONUITests */,
				A786C32D210E69AB00EC9947 /* Products */,
				CA87F65E8C27EDF619B140F7 /* Pods */,
				C131F1E3B26ABDAD6C6DDF4A /* Frameworks */,
			);
			sourceTree = "<group>";
		};
		A786C32D210E69AB00EC9947 /* Products */ = {
			isa = PBXGroup;
			children = (
				A786C32C210E69AB00EC9947 /* usingJSON.app */,
				A786C343210E69B000EC9947 /* usingJSONTests.xctest */,
				A786C34E210E69B000EC9947 /* usingJSONUITests.xctest */,
			);
			name = Products;
			sourceTree = "<group>";
		};
		A786C32E210E69AB00EC9947 /* usingJSON */ = {
			isa = PBXGroup;
			children = (
				A786C362210E6B1300EC9947 /* someJSON.json */,
				A786C32F210E69AB00EC9947 /* AppDelegate.swift */,
				A786C331210E69AB00EC9947 /* ViewController.swift */,
				A786C364210EB95A00EC9947 /* SwiftyPerson.swift */,
				A786C366210EB9A900EC9947 /* FreddyPerson.swift */,
				A786C368210EB9E800EC9947 /* GlossPerson.swift */,
				A786C333210E69AB00EC9947 /* Main.storyboard */,
				A786C339210E69B000EC9947 /* Assets.xcassets */,
				A786C33B210E69B000EC9947 /* LaunchScreen.storyboard */,
				A786C33E210E69B000EC9947 /* Info.plist */,
				A786C336210E69AB00EC9947 /* usingJSON.xcdatamodeld */,
			);
			path = usingJSON;
			sourceTree = "<group>";
		};
		A786C346210E69B000EC9947 /* usingJSONTests */ = {
			isa = PBXGroup;
			children = (
				A786C347210E69B000EC9947 /* usingJSONTests.swift */,
				A786C349210E69B000EC9947 /* Info.plist */,
			);
			path = usingJSONTests;
			sourceTree = "<group>";
		};
		A786C351210E69B000EC9947 /* usingJSONUITests */ = {
			isa = PBXGroup;
			children = (
				A786C352210E69B000EC9947 /* usingJSONUITests.swift */,
				A786C354210E69B000EC9947 /* Info.plist */,
			);
			path = usingJSONUITests;
			sourceTree = "<group>";
		};
		C131F1E3B26ABDAD6C6DDF4A /* Frameworks */ = {
			isa = PBXGroup;
			children = (
				FF36884A430816D46EAC012E /* Pods_usingJSON.framework */,
				E2E26F41E6A7B461E8BAC66D /* Pods_usingJSONTests.framework */,
				C09F3EC547D990B6E705A196 /* Pods_usingJSONUITests.framework */,
			);
			name = Frameworks;
			sourceTree = "<group>";
		};
		CA87F65E8C27EDF619B140F7 /* Pods */ = {
			isa = PBXGroup;
			children = (
				EEB0ABB08A2E616648A64F27 /* Pods-usingJSON.debug.xcconfig */,
				4FA045DE1AA37A3C033C2B2A /* Pods-usingJSON.release.xcconfig */,
				255DB7773F1EEF0A365308D1 /* Pods-usingJSONTests.debug.xcconfig */,
				CE517CAA99C6AFF204994B27 /* Pods-usingJSONTests.release.xcconfig */,
				B7822AFFA9E1C077B92D8E72 /* Pods-usingJSONUITests.debug.xcconfig */,
				E04A4931D530311323249F29 /* Pods-usingJSONUITests.release.xcconfig */,
			);
			name = Pods;
			sourceTree = "<group>";
		};
/* End PBXGroup section */

/* Begin PBXNativeTarget section */
		A786C32B210E69AB00EC9947 /* usingJSON */ = {
			isa = PBXNativeTarget;
			buildConfigurationList = A786C357210E69B000EC9947 /* Build configuration list for PBXNativeTarget "usingJSON" */;
			buildPhases = (
				9AC80090FD0C143D539C3D15 /* [CP] Check Pods Manifest.lock */,
				A786C328210E69AB00EC9947 /* Sources */,
				A786C329210E69AB00EC9947 /* Frameworks */,
				A786C32A210E69AB00EC9947 /* Resources */,
				B5487B68325A041296DB901E /* [CP] Embed Pods Frameworks */,
				C2EEA96D01CECF02536FE9F1 /* [CP] Copy Pods Resources */,
			);
			buildRules = (
			);
			dependencies = (
			);
			name = usingJSON;
			productName = usingJSON;
			productReference = A786C32C210E69AB00EC9947 /* usingJSON.app */;
			productType = "com.apple.product-type.application";
		};
		A786C342210E69B000EC9947 /* usingJSONTests */ = {
			isa = PBXNativeTarget;
			buildConfigurationList = A786C35A210E69B000EC9947 /* Build configuration list for PBXNativeTarget "usingJSONTests" */;
			buildPhases = (
				BAAE9A2A8C39DBF8460BEE97 /* [CP] Check Pods Manifest.lock */,
				A786C33F210E69B000EC9947 /* Sources */,
				A786C340210E69B000EC9947 /* Frameworks */,
				A786C341210E69B000EC9947 /* Resources */,
				B371231097AB63ACED48158C /* [CP] Embed Pods Frameworks */,
				C60A60FD3E689A0C08FAF7BA /* [CP] Copy Pods Resources */,
			);
			buildRules = (
			);
			dependencies = (
				A786C345210E69B000EC9947 /* PBXTargetDependency */,
			);
			name = usingJSONTests;
			productName = usingJSONTests;
			productReference = A786C343210E69B000EC9947 /* usingJSONTests.xctest */;
			productType = "com.apple.product-type.bundle.unit-test";
		};
		A786C34D210E69B000EC9947 /* usingJSONUITests */ = {
			isa = PBXNativeTarget;
			buildConfigurationList = A786C35D210E69B000EC9947 /* Build configuration list for PBXNativeTarget "usingJSONUITests" */;
			buildPhases = (
				E7C67CB944E5FD6077508B2C /* [CP] Check Pods Manifest.lock */,
				A786C34A210E69B000EC9947 /* Sources */,
				A786C34B210E69B000EC9947 /* Frameworks */,
				A786C34C210E69B000EC9947 /* Resources */,
				C51A50FB0C234E1BCBF06C13 /* [CP] Embed Pods Frameworks */,
				D1C57469EDCEB3544FA12625 /* [CP] Copy Pods Resources */,
			);
			buildRules = (
			);
			dependencies = (
				A786C350210E69B000EC9947 /* PBXTargetDependency */,
			);
			name = usingJSONUITests;
			productName = usingJSONUITests;
			productReference = A786C34E210E69B000EC9947 /* usingJSONUITests.xctest */;
			productType = "com.apple.product-type.bundle.ui-testing";
		};
/* End PBXNativeTarget section */

/* Begin PBXProject section */
		A786C324210E69AB00EC9947 /* Project object */ = {
			isa = PBXProject;
			attributes = {
				LastSwiftUpdateCheck = 0940;
				LastUpgradeCheck = 0940;
				ORGANIZATIONNAME = "Danner Opp., LLC";
				TargetAttributes = {
					A786C32B210E69AB00EC9947 = {
						CreatedOnToolsVersion = 9.4.1;
					};
					A786C342210E69B000EC9947 = {
						CreatedOnToolsVersion = 9.4.1;
						TestTargetID = A786C32B210E69AB00EC9947;
					};
					A786C34D210E69B000EC9947 = {
						CreatedOnToolsVersion = 9.4.1;
						TestTargetID = A786C32B210E69AB00EC9947;
					};
				};
			};
			buildConfigurationList = A786C327210E69AB00EC9947 /* Build configuration list for PBXProject "usingJSON" */;
			compatibilityVersion = "Xcode 9.3";
			developmentRegion = en;
			hasScannedForEncodings = 0;
			knownRegions = (
				en,
				Base,
			);
			mainGroup = A786C323210E69AB00EC9947;
			productRefGroup = A786C32D210E69AB00EC9947 /* Products */;
			projectDirPath = "";
			projectRoot = "";
			targets = (
				A786C32B210E69AB00EC9947 /* usingJSON */,
				A786C342210E69B000EC9947 /* usingJSONTests */,
				A786C34D210E69B000EC9947 /* usingJSONUITests */,
			);
		};
/* End PBXProject section */

/* Begin PBXResourcesBuildPhase section */
		A786C32A210E69AB00EC9947 /* Resources */ = {
			isa = PBXResourcesBuildPhase;
			buildActionMask = 2147483647;
			files = (
				A786C33D210E69B000EC9947 /* LaunchScreen.storyboard in Resources */,
				A786C33A210E69B000EC9947 /* Assets.xcassets in Resources */,
				A786C335210E69AB00EC9947 /* Main.storyboard in Resources */,
				A786C363210E6B1300EC9947 /* someJSON.json in Resources */,
			);
			runOnlyForDeploymentPostprocessing = 0;
		};
		A786C341210E69B000EC9947 /* Resources */ = {
			isa = PBXResourcesBuildPhase;
			buildActionMask = 2147483647;
			files = (
			);
			runOnlyForDeploymentPostprocessing = 0;
		};
		A786C34C210E69B000EC9947 /* Resources */ = {
			isa = PBXResourcesBuildPhase;
			buildActionMask = 2147483647;
			files = (
			);
			runOnlyForDeploymentPostprocessing = 0;
		};
/* End PBXResourcesBuildPhase section */

/* Begin PBXShellScriptBuildPhase section */
		9AC80090FD0C143D539C3D15 /* [CP] Check Pods Manifest.lock */ = {
			isa = PBXShellScriptBuildPhase;
			buildActionMask = 2147483647;
			files = (
			);
			inputPaths = (
				"${PODS_PODFILE_DIR_PATH}/Podfile.lock",
				"${PODS_ROOT}/Manifest.lock",
			);
			name = "[CP] Check Pods Manifest.lock";
			outputPaths = (
				"$(DERIVED_FILE_DIR)/Pods-usingJSON-checkManifestLockResult.txt",
			);
			runOnlyForDeploymentPostprocessing = 0;
			shellPath = /bin/sh;
			shellScript = "diff \"${PODS_PODFILE_DIR_PATH}/Podfile.lock\" \"${PODS_ROOT}/Manifest.lock\" > /dev/null\nif [ $? != 0 ] ; then\n    # print error to STDERR\n    echo \"error: The sandbox is not in sync with the Podfile.lock. Run 'pod install' or update your CocoaPods installation.\" >&2\n    exit 1\nfi\n# This output is used by Xcode 'outputs' to avoid re-running this script phase.\necho \"SUCCESS\" > \"${SCRIPT_OUTPUT_FILE_0}\"\n";
			showEnvVarsInLog = 0;
		};
		B371231097AB63ACED48158C /* [CP] Embed Pods Frameworks */ = {
			isa = PBXShellScriptBuildPhase;
			buildActionMask = 2147483647;
			files = (
			);
			inputPaths = (
			);
			name = "[CP] Embed Pods Frameworks";
			outputPaths = (
			);
			runOnlyForDeploymentPostprocessing = 0;
			shellPath = /bin/sh;
			shellScript = "\"${SRCROOT}/Pods/Target Support Files/Pods-usingJSONTests/Pods-usingJSONTests-frameworks.sh\"\n";
			showEnvVarsInLog = 0;
		};
		B5487B68325A041296DB901E /* [CP] Embed Pods Frameworks */ = {
			isa = PBXShellScriptBuildPhase;
			buildActionMask = 2147483647;
			files = (
			);
			inputPaths = (
				"${SRCROOT}/Pods/Target Support Files/Pods-usingJSON/Pods-usingJSON-frameworks.sh",
				"${BUILT_PRODUCTS_DIR}/Freddy/Freddy.framework",
				"${BUILT_PRODUCTS_DIR}/Gloss/Gloss.framework",
				"${BUILT_PRODUCTS_DIR}/SwiftyJSON/SwiftyJSON.framework",
			);
			name = "[CP] Embed Pods Frameworks";
			outputPaths = (
				"${TARGET_BUILD_DIR}/${FRAMEWORKS_FOLDER_PATH}/Freddy.framework",
				"${TARGET_BUILD_DIR}/${FRAMEWORKS_FOLDER_PATH}/Gloss.framework",
				"${TARGET_BUILD_DIR}/${FRAMEWORKS_FOLDER_PATH}/SwiftyJSON.framework",
			);
			runOnlyForDeploymentPostprocessing = 0;
			shellPath = /bin/sh;
			shellScript = "\"${SRCROOT}/Pods/Target Support Files/Pods-usingJSON/Pods-usingJSON-frameworks.sh\"\n";
			showEnvVarsInLog = 0;
		};
		BAAE9A2A8C39DBF8460BEE97 /* [CP] Check Pods Manifest.lock */ = {
			isa = PBXShellScriptBuildPhase;
			buildActionMask = 2147483647;
			files = (
			);
			inputPaths = (
				"${PODS_PODFILE_DIR_PATH}/Podfile.lock",
				"${PODS_ROOT}/Manifest.lock",
			);
			name = "[CP] Check Pods Manifest.lock";
			outputPaths = (
				"$(DERIVED_FILE_DIR)/Pods-usingJSONTests-checkManifestLockResult.txt",
			);
			runOnlyForDeploymentPostprocessing = 0;
			shellPath = /bin/sh;
			shellScript = "diff \"${PODS_PODFILE_DIR_PATH}/Podfile.lock\" \"${PODS_ROOT}/Manifest.lock\" > /dev/null\nif [ $? != 0 ] ; then\n    # print error to STDERR\n    echo \"error: The sandbox is not in sync with the Podfile.lock. Run 'pod install' or update your CocoaPods installation.\" >&2\n    exit 1\nfi\n# This output is used by Xcode 'outputs' to avoid re-running this script phase.\necho \"SUCCESS\" > \"${SCRIPT_OUTPUT_FILE_0}\"\n";
			showEnvVarsInLog = 0;
		};
		C2EEA96D01CECF02536FE9F1 /* [CP] Copy Pods Resources */ = {
			isa = PBXShellScriptBuildPhase;
			buildActionMask = 2147483647;
			files = (
			);
			inputPaths = (
			);
			name = "[CP] Copy Pods Resources";
			outputPaths = (
			);
			runOnlyForDeploymentPostprocessing = 0;
			shellPath = /bin/sh;
			shellScript = "\"${SRCROOT}/Pods/Target Support Files/Pods-usingJSON/Pods-usingJSON-resources.sh\"\n";
			showEnvVarsInLog = 0;
		};
		C51A50FB0C234E1BCBF06C13 /* [CP] Embed Pods Frameworks */ = {
			isa = PBXShellScriptBuildPhase;
			buildActionMask = 2147483647;
			files = (
			);
			inputPaths = (
			);
			name = "[CP] Embed Pods Frameworks";
			outputPaths = (
			);
			runOnlyForDeploymentPostprocessing = 0;
			shellPath = /bin/sh;
			shellScript = "\"${SRCROOT}/Pods/Target Support Files/Pods-usingJSONUITests/Pods-usingJSONUITests-frameworks.sh\"\n";
			showEnvVarsInLog = 0;
		};
		C60A60FD3E689A0C08FAF7BA /* [CP] Copy Pods Resources */ = {
			isa = PBXShellScriptBuildPhase;
			buildActionMask = 2147483647;
			files = (
			);
			inputPaths = (
			);
			name = "[CP] Copy Pods Resources";
			outputPaths = (
			);
			runOnlyForDeploymentPostprocessing = 0;
			shellPath = /bin/sh;
			shellScript = "\"${SRCROOT}/Pods/Target Support Files/Pods-usingJSONTests/Pods-usingJSONTests-resources.sh\"\n";
			showEnvVarsInLog = 0;
		};
		D1C57469EDCEB3544FA12625 /* [CP] Copy Pods Resources */ = {
			isa = PBXShellScriptBuildPhase;
			buildActionMask = 2147483647;
			files = (
			);
			inputPaths = (
			);
			name = "[CP] Copy Pods Resources";
			outputPaths = (
			);
			runOnlyForDeploymentPostprocessing = 0;
			shellPath = /bin/sh;
			shellScript = "\"${SRCROOT}/Pods/Target Support Files/Pods-usingJSONUITests/Pods-usingJSONUITests-resources.sh\"\n";
			showEnvVarsInLog = 0;
		};
		E7C67CB944E5FD6077508B2C /* [CP] Check Pods Manifest.lock */ = {
			isa = PBXShellScriptBuildPhase;
			buildActionMask = 2147483647;
			files = (
			);
			inputPaths = (
				"${PODS_PODFILE_DIR_PATH}/Podfile.lock",
				"${PODS_ROOT}/Manifest.lock",
			);
			name = "[CP] Check Pods Manifest.lock";
			outputPaths = (
				"$(DERIVED_FILE_DIR)/Pods-usingJSONUITests-checkManifestLockResult.txt",
			);
			runOnlyForDeploymentPostprocessing = 0;
			shellPath = /bin/sh;
			shellScript = "diff \"${PODS_PODFILE_DIR_PATH}/Podfile.lock\" \"${PODS_ROOT}/Manifest.lock\" > /dev/null\nif [ $? != 0 ] ; then\n    # print error to STDERR\n    echo \"error: The sandbox is not in sync with the Podfile.lock. Run 'pod install' or update your CocoaPods installation.\" >&2\n    exit 1\nfi\n# This output is used by Xcode 'outputs' to avoid re-running this script phase.\necho \"SUCCESS\" > \"${SCRIPT_OUTPUT_FILE_0}\"\n";
			showEnvVarsInLog = 0;
		};
/* End PBXShellScriptBuildPhase section */

/* Begin PBXSourcesBuildPhase section */
		A786C328210E69AB00EC9947 /* Sources */ = {
			isa = PBXSourcesBuildPhase;
			buildActionMask = 2147483647;
			files = (
				A786C365210EB95A00EC9947 /* SwiftyPerson.swift in Sources */,
				A786C332210E69AB00EC9947 /* ViewController.swift in Sources */,
				A786C369210EB9E800EC9947 /* GlossPerson.swift in Sources */,
				A786C338210E69AB00EC9947 /* usingJSON.xcdatamodeld in Sources */,
				A786C330210E69AB00EC9947 /* AppDelegate.swift in Sources */,
				A786C367210EB9A900EC9947 /* FreddyPerson.swift in Sources */,
				A786C361210E69C500EC9947 /* DataService.swift in Sources */,
			);
			runOnlyForDeploymentPostprocessing = 0;
		};
		A786C33F210E69B000EC9947 /* Sources */ = {
			isa = PBXSourcesBuildPhase;
			buildActionMask = 2147483647;
			files = (
				A786C348210E69B000EC9947 /* usingJSONTests.swift in Sources */,
			);
			runOnlyForDeploymentPostprocessing = 0;
		};
		A786C34A210E69B000EC9947 /* Sources */ = {
			isa = PBXSourcesBuildPhase;
			buildActionMask = 2147483647;
			files = (
				A786C353210E69B000EC9947 /* usingJSONUITests.swift in Sources */,
			);
			runOnlyForDeploymentPostprocessing = 0;
		};
/* End PBXSourcesBuildPhase section */

/* Begin PBXTargetDependency section */
		A786C345210E69B000EC9947 /* PBXTargetDependency */ = {
			isa = PBXTargetDependency;
			target = A786C32B210E69AB00EC9947 /* usingJSON */;
			targetProxy = A786C344210E69B000EC9947 /* PBXContainerItemProxy */;
		};
		A786C350210E69B000EC9947 /* PBXTargetDependency */ = {
			isa = PBXTargetDependency;
			target = A786C32B210E69AB00EC9947 /* usingJSON */;
			targetProxy = A786C34F210E69B000EC9947 /* PBXContainerItemProxy */;
		};
/* End PBXTargetDependency section */

/* Begin PBXVariantGroup section */
		A786C333210E69AB00EC9947 /* Main.storyboard */ = {
			isa = PBXVariantGroup;
			children = (
				A786C334210E69AB00EC9947 /* Base */,
			);
			name = Main.storyboard;
			sourceTree = "<group>";
		};
		A786C33B210E69B000EC9947 /* LaunchScreen.storyboard */ = {
			isa = PBXVariantGroup;
			children = (
				A786C33C210E69B000EC9947 /* Base */,
			);
			name = LaunchScreen.storyboard;
			sourceTree = "<group>";
		};
/* End PBXVariantGroup section */

/* Begin XCBuildConfiguration section */
		A786C355210E69B000EC9947 /* Debug */ = {
			isa = XCBuildConfiguration;
			buildSettings = {
				ALWAYS_SEARCH_USER_PATHS = NO;
				CLANG_ANALYZER_NONNULL = YES;
				CLANG_ANALYZER_NUMBER_OBJECT_CONVERSION = YES_AGGRESSIVE;
				CLANG_CXX_LANGUAGE_STANDARD = "gnu++14";
				CLANG_CXX_LIBRARY = "libc++";
				CLANG_ENABLE_MODULES = YES;
				CLANG_ENABLE_OBJC_ARC = YES;
				CLANG_ENABLE_OBJC_WEAK = YES;
				CLANG_WARN_BLOCK_CAPTURE_AUTORELEASING = YES;
				CLANG_WARN_BOOL_CONVERSION = YES;
				CLANG_WARN_COMMA = YES;
				CLANG_WARN_CONSTANT_CONVERSION = YES;
				CLANG_WARN_DEPRECATED_OBJC_IMPLEMENTATIONS = YES;
				CLANG_WARN_DIRECT_OBJC_ISA_USAGE = YES_ERROR;
				CLANG_WARN_DOCUMENTATION_COMMENTS = YES;
				CLANG_WARN_EMPTY_BODY = YES;
				CLANG_WARN_ENUM_CONVERSION = YES;
				CLANG_WARN_INFINITE_RECURSION = YES;
				CLANG_WARN_INT_CONVERSION = YES;
				CLANG_WARN_NON_LITERAL_NULL_CONVERSION = YES;
				CLANG_WARN_OBJC_IMPLICIT_RETAIN_SELF = YES;
				CLANG_WARN_OBJC_LITERAL_CONVERSION = YES;
				CLANG_WARN_OBJC_ROOT_CLASS = YES_ERROR;
				CLANG_WARN_RANGE_LOOP_ANALYSIS = YES;
				CLANG_WARN_STRICT_PROTOTYPES = YES;
				CLANG_WARN_SUSPICIOUS_MOVE = YES;
				CLANG_WARN_UNGUARDED_AVAILABILITY = YES_AGGRESSIVE;
				CLANG_WARN_UNREACHABLE_CODE = YES;
				CLANG_WARN__DUPLICATE_METHOD_MATCH = YES;
				CODE_SIGN_IDENTITY = "iPhone Developer";
				COPY_PHASE_STRIP = NO;
				DEBUG_INFORMATION_FORMAT = dwarf;
				ENABLE_STRICT_OBJC_MSGSEND = YES;
				ENABLE_TESTABILITY = YES;
				GCC_C_LANGUAGE_STANDARD = gnu11;
				GCC_DYNAMIC_NO_PIC = NO;
				GCC_NO_COMMON_BLOCKS = YES;
				GCC_OPTIMIZATION_LEVEL = 0;
				GCC_PREPROCESSOR_DEFINITIONS = (
					"DEBUG=1",
					"$(inherited)",
				);
				GCC_WARN_64_TO_32_BIT_CONVERSION = YES;
				GCC_WARN_ABOUT_RETURN_TYPE = YES_ERROR;
				GCC_WARN_UNDECLARED_SELECTOR = YES;
				GCC_WARN_UNINITIALIZED_AUTOS = YES_AGGRESSIVE;
				GCC_WARN_UNUSED_FUNCTION = YES;
				GCC_WARN_UNUSED_VARIABLE = YES;
				IPHONEOS_DEPLOYMENT_TARGET = 11.4;
				MTL_ENABLE_DEBUG_INFO = YES;
				ONLY_ACTIVE_ARCH = YES;
				SDKROOT = iphoneos;
				SWIFT_ACTIVE_COMPILATION_CONDITIONS = DEBUG;
				SWIFT_OPTIMIZATION_LEVEL = "-Onone";
			};
			name = Debug;
		};
		A786C356210E69B000EC9947 /* Release */ = {
			isa = XCBuildConfiguration;
			buildSettings = {
				ALWAYS_SEARCH_USER_PATHS = NO;
				CLANG_ANALYZER_NONNULL = YES;
				CLANG_ANALYZER_NUMBER_OBJECT_CONVERSION = YES_AGGRESSIVE;
				CLANG_CXX_LANGUAGE_STANDARD = "gnu++14";
				CLANG_CXX_LIBRARY = "libc++";
				CLANG_ENABLE_MODULES = YES;
				CLANG_ENABLE_OBJC_ARC = YES;
				CLANG_ENABLE_OBJC_WEAK = YES;
				CLANG_WARN_BLOCK_CAPTURE_AUTORELEASING = YES;
				CLANG_WARN_BOOL_CONVERSION = YES;
				CLANG_WARN_COMMA = YES;
				CLANG_WARN_CONSTANT_CONVERSION = YES;
				CLANG_WARN_DEPRECATED_OBJC_IMPLEMENTATIONS = YES;
				CLANG_WARN_DIRECT_OBJC_ISA_USAGE = YES_ERROR;
				CLANG_WARN_DOCUMENTATION_COMMENTS = YES;
				CLANG_WARN_EMPTY_BODY = YES;
				CLANG_WARN_ENUM_CONVERSION = YES;
				CLANG_WARN_INFINITE_RECURSION = YES;
				CLANG_WARN_INT_CONVERSION = YES;
				CLANG_WARN_NON_LITERAL_NULL_CONVERSION = YES;
				CLANG_WARN_OBJC_IMPLICIT_RETAIN_SELF = YES;
				CLANG_WARN_OBJC_LITERAL_CONVERSION = YES;
				CLANG_WARN_OBJC_ROOT_CLASS = YES_ERROR;
				CLANG_WARN_RANGE_LOOP_ANALYSIS = YES;
				CLANG_WARN_STRICT_PROTOTYPES = YES;
				CLANG_WARN_SUSPICIOUS_MOVE = YES;
				CLANG_WARN_UNGUARDED_AVAILABILITY = YES_AGGRESSIVE;
				CLANG_WARN_UNREACHABLE_CODE = YES;
				CLANG_WARN__DUPLICATE_METHOD_MATCH = YES;
				CODE_SIGN_IDENTITY = "iPhone Developer";
				COPY_PHASE_STRIP = NO;
				DEBUG_INFORMATION_FORMAT = "dwarf-with-dsym";
				ENABLE_NS_ASSERTIONS = NO;
				ENABLE_STRICT_OBJC_MSGSEND = YES;
				GCC_C_LANGUAGE_STANDARD = gnu11;
				GCC_NO_COMMON_BLOCKS = YES;
				GCC_WARN_64_TO_32_BIT_CONVERSION = YES;
				GCC_WARN_ABOUT_RETURN_TYPE = YES_ERROR;
				GCC_WARN_UNDECLARED_SELECTOR = YES;
				GCC_WARN_UNINITIALIZED_AUTOS = YES_AGGRESSIVE;
				GCC_WARN_UNUSED_FUNCTION = YES;
				GCC_WARN_UNUSED_VARIABLE = YES;
				IPHONEOS_DEPLOYMENT_TARGET = 11.4;
				MTL_ENABLE_DEBUG_INFO = NO;
				SDKROOT = iphoneos;
				SWIFT_COMPILATION_MODE = wholemodule;
				SWIFT_OPTIMIZATION_LEVEL = "-O";
				VALIDATE_PRODUCT = YES;
			};
			name = Release;
		};
		A786C358210E69B000EC9947 /* Debug */ = {
			isa = XCBuildConfiguration;
			baseConfigurationReference = EEB0ABB08A2E616648A64F27 /* Pods-usingJSON.debug.xcconfig */;
			buildSettings = {
				ASSETCATALOG_COMPILER_APPICON_NAME = AppIcon;
				CODE_SIGN_STYLE = Automatic;
				INFOPLIST_FILE = usingJSON/Info.plist;
				LD_RUNPATH_SEARCH_PATHS = (
					"$(inherited)",
					"@executable_path/Frameworks",
				);
				PRODUCT_BUNDLE_IDENTIFIER = com.DannerOpp.usingJSON;
				PRODUCT_NAME = "$(TARGET_NAME)";
				SWIFT_VERSION = 4.0;
				TARGETED_DEVICE_FAMILY = "1,2";
			};
			name = Debug;
		};
		A786C359210E69B000EC9947 /* Release */ = {
			isa = XCBuildConfiguration;
			baseConfigurationReference = 4FA045DE1AA37A3C033C2B2A /* Pods-usingJSON.release.xcconfig */;
			buildSettings = {
				ASSETCATALOG_COMPILER_APPICON_NAME = AppIcon;
				CODE_SIGN_STYLE = Automatic;
				INFOPLIST_FILE = usingJSON/Info.plist;
				LD_RUNPATH_SEARCH_PATHS = (
					"$(inherited)",
					"@executable_path/Frameworks",
				);
				PRODUCT_BUNDLE_IDENTIFIER = com.DannerOpp.usingJSON;
				PRODUCT_NAME = "$(TARGET_NAME)";
				SWIFT_VERSION = 4.0;
				TARGETED_DEVICE_FAMILY = "1,2";
			};
			name = Release;
		};
		A786C35B210E69B000EC9947 /* Debug */ = {
			isa = XCBuildConfiguration;
			baseConfigurationReference = 255DB7773F1EEF0A365308D1 /* Pods-usingJSONTests.debug.xcconfig */;
			buildSettings = {
				ALWAYS_EMBED_SWIFT_STANDARD_LIBRARIES = YES;
				BUNDLE_LOADER = "$(TEST_HOST)";
				CODE_SIGN_STYLE = Automatic;
				INFOPLIST_FILE = usingJSONTests/Info.plist;
				LD_RUNPATH_SEARCH_PATHS = (
					"$(inherited)",
					"@executable_path/Frameworks",
					"@loader_path/Frameworks",
				);
				PRODUCT_BUNDLE_IDENTIFIER = com.DannerOpp.usingJSONTests;
				PRODUCT_NAME = "$(TARGET_NAME)";
				SWIFT_VERSION = 4.0;
				TARGETED_DEVICE_FAMILY = "1,2";
				TEST_HOST = "$(BUILT_PRODUCTS_DIR)/usingJSON.app/usingJSON";
			};
			name = Debug;
		};
		A786C35C210E69B000EC9947 /* Release */ = {
			isa = XCBuildConfiguration;
			baseConfigurationReference = CE517CAA99C6AFF204994B27 /* Pods-usingJSONTests.release.xcconfig */;
			buildSettings = {
				ALWAYS_EMBED_SWIFT_STANDARD_LIBRARIES = YES;
				BUNDLE_LOADER = "$(TEST_HOST)";
				CODE_SIGN_STYLE = Automatic;
				INFOPLIST_FILE = usingJSONTests/Info.plist;
				LD_RUNPATH_SEARCH_PATHS = (
					"$(inherited)",
					"@executable_path/Frameworks",
					"@loader_path/Frameworks",
				);
				PRODUCT_BUNDLE_IDENTIFIER = com.DannerOpp.usingJSONTests;
				PRODUCT_NAME = "$(TARGET_NAME)";
				SWIFT_VERSION = 4.0;
				TARGETED_DEVICE_FAMILY = "1,2";
				TEST_HOST = "$(BUILT_PRODUCTS_DIR)/usingJSON.app/usingJSON";
			};
			name = Release;
		};
		A786C35E210E69B000EC9947 /* Debug */ = {
			isa = XCBuildConfiguration;
			baseConfigurationReference = B7822AFFA9E1C077B92D8E72 /* Pods-usingJSONUITests.debug.xcconfig */;
			buildSettings = {
				ALWAYS_EMBED_SWIFT_STANDARD_LIBRARIES = YES;
				CODE_SIGN_STYLE = Automatic;
				INFOPLIST_FILE = usingJSONUITests/Info.plist;
				LD_RUNPATH_SEARCH_PATHS = (
					"$(inherited)",
					"@executable_path/Frameworks",
					"@loader_path/Frameworks",
				);
				PRODUCT_BUNDLE_IDENTIFIER = com.DannerOpp.usingJSONUITests;
				PRODUCT_NAME = "$(TARGET_NAME)";
				SWIFT_VERSION = 4.0;
				TARGETED_DEVICE_FAMILY = "1,2";
				TEST_TARGET_NAME = usingJSON;
			};
			name = Debug;
		};
		A786C35F210E69B000EC9947 /* Release */ = {
			isa = XCBuildConfiguration;
			baseConfigurationReference = E04A4931D530311323249F29 /* Pods-usingJSONUITests.release.xcconfig */;
			buildSettings = {
				ALWAYS_EMBED_SWIFT_STANDARD_LIBRARIES = YES;
				CODE_SIGN_STYLE = Automatic;
				INFOPLIST_FILE = usingJSONUITests/Info.plist;
				LD_RUNPATH_SEARCH_PATHS = (
					"$(inherited)",
					"@executable_path/Frameworks",
					"@loader_path/Frameworks",
				);
				PRODUCT_BUNDLE_IDENTIFIER = com.DannerOpp.usingJSONUITests;
				PRODUCT_NAME = "$(TARGET_NAME)";
				SWIFT_VERSION = 4.0;
				TARGETED_DEVICE_FAMILY = "1,2";
				TEST_TARGET_NAME = usingJSON;
			};
			name = Release;
		};
/* End XCBuildConfiguration section */

/* Begin XCConfigurationList section */
		A786C327210E69AB00EC9947 /* Build configuration list for PBXProject "usingJSON" */ = {
			isa = XCConfigurationList;
			buildConfigurations = (
				A786C355210E69B000EC9947 /* Debug */,
				A786C356210E69B000EC9947 /* Release */,
			);
			defaultConfigurationIsVisible = 0;
			defaultConfigurationName = Release;
		};
		A786C357210E69B000EC9947 /* Build configuration list for PBXNativeTarget "usingJSON" */ = {
			isa = XCConfigurationList;
			buildConfigurations = (
				A786C358210E69B000EC9947 /* Debug */,
				A786C359210E69B000EC9947 /* Release */,
			);
			defaultConfigurationIsVisible = 0;
			defaultConfigurationName = Release;
		};
		A786C35A210E69B000EC9947 /* Build configuration list for PBXNativeTarget "usingJSONTests" */ = {
			isa = XCConfigurationList;
			buildConfigurations = (
				A786C35B210E69B000EC9947 /* Debug */,
				A786C35C210E69B000EC9947 /* Release */,
			);
			defaultConfigurationIsVisible = 0;
			defaultConfigurationName = Release;
		};
		A786C35D210E69B000EC9947 /* Build configuration list for PBXNativeTarget "usingJSONUITests" */ = {
			isa = XCConfigurationList;
			buildConfigurations = (
				A786C35E210E69B000EC9947 /* Debug */,
				A786C35F210E69B000EC9947 /* Release */,
			);
			defaultConfigurationIsVisible = 0;
			defaultConfigurationName = Release;
		};
/* End XCConfigurationList section */

/* Begin XCVersionGroup section */
		A786C336210E69AB00EC9947 /* usingJSON.xcdatamodeld */ = {
			isa = XCVersionGroup;
			children = (
				A786C337210E69AB00EC9947 /* usingJSON.xcdatamodel */,
			);
			currentVersion = A786C337210E69AB00EC9947 /* usingJSON.xcdatamodel */;
			path = usingJSON.xcdatamodeld;
			sourceTree = "<group>";
			versionGroupType = wrapper.xcdatamodel;
		};
/* End XCVersionGroup section */
	};
	rootObject = A786C324210E69AB00EC9947 /* Project object */;
}
