// !$*UTF8*$!
{
	archiveVersion = 1;
	classes = {
	};
	objectVersion = 50;
	objects = {

/* Begin PBXBuildFile section */
		A79F21F22076C25100B303A0 /* AppDelegate.swift in Sources */ = {isa = PBXBuildFile; fileRef = A79F21F12076C25100B303A0 /* AppDelegate.swift */; };
		A79F21F42076C25100B303A0 /* ViewController.swift in Sources */ = {isa = PBXBuildFile; fileRef = A79F21F32076C25100B303A0 /* ViewController.swift */; };
		A79F21F72076C25100B303A0 /* Main.storyboard in Resources */ = {isa = PBXBuildFile; fileRef = A79F21F52076C25100B303A0 /* Main.storyboard */; };
		A79F21F92076C25800B303A0 /* Assets.xcassets in Resources */ = {isa = PBXBuildFile; fileRef = A79F21F82076C25800B303A0 /* Assets.xcassets */; };
		A79F21FC2076C25800B303A0 /* LaunchScreen.storyboard in Resources */ = {isa = PBXBuildFile; fileRef = A79F21FA2076C25800B303A0 /* LaunchScreen.storyboard */; };
		A79F22072076C25900B303A0 /* UIControlsTests.swift in Sources */ = {isa = PBXBuildFile; fileRef = A79F22062076C25900B303A0 /* UIControlsTests.swift */; };
		A79F22122076C25900B303A0 /* UIControlsUITests.swift in Sources */ = {isa = PBXBuildFile; fileRef = A79F22112076C25900B303A0 /* UIControlsUITests.swift */; };
		A79F22202076C56500B303A0 /* CircularTableView.swift in Sources */ = {isa = PBXBuildFile; fileRef = A79F221F2076C56500B303A0 /* CircularTableView.swift */; };
/* End PBXBuildFile section */

/* Begin PBXContainerItemProxy section */
		A79F22032076C25900B303A0 /* PBXContainerItemProxy */ = {
			isa = PBXContainerItemProxy;
			containerPortal = A79F21E62076C25100B303A0 /* Project object */;
			proxyType = 1;
			remoteGlobalIDString = A79F21ED2076C25100B303A0;
			remoteInfo = UIControls;
		};
		A79F220E2076C25900B303A0 /* PBXContainerItemProxy */ = {
			isa = PBXContainerItemProxy;
			containerPortal = A79F21E62076C25100B303A0 /* Project object */;
			proxyType = 1;
			remoteGlobalIDString = A79F21ED2076C25100B303A0;
			remoteInfo = UIControls;
		};
/* End PBXContainerItemProxy section */

/* Begin PBXFileReference section */
		A79F21EE2076C25100B303A0 /* UIControls.app */ = {isa = PBXFileReference; explicitFileType = wrapper.application; includeInIndex = 0; path = UIControls.app; sourceTree = BUILT_PRODUCTS_DIR; };
		A79F21F12076C25100B303A0 /* AppDelegate.swift */ = {isa = PBXFileReference; lastKnownFileType = sourcecode.swift; path = AppDelegate.swift; sourceTree = "<group>"; };
		A79F21F32076C25100B303A0 /* ViewController.swift */ = {isa = PBXFileReference; lastKnownFileType = sourcecode.swift; path = ViewController.swift; sourceTree = "<group>"; };
		A79F21F62076C25100B303A0 /* Base */ = {isa = PBXFileReference; lastKnownFileType = file.storyboard; name = Base; path = Base.lproj/Main.storyboard; sourceTree = "<group>"; };
		A79F21F82076C25800B303A0 /* Assets.xcassets */ = {isa = PBXFileReference; lastKnownFileType = folder.assetcatalog; path = Assets.xcassets; sourceTree = "<group>"; };
		A79F21FB2076C25800B303A0 /* Base */ = {isa = PBXFileReference; lastKnownFileType = file.storyboard; name = Base; path = Base.lproj/LaunchScreen.storyboard; sourceTree = "<group>"; };
		A79F21FD2076C25800B303A0 /* Info.plist */ = {isa = PBXFileReference; lastKnownFileType = text.plist.xml; path = Info.plist; sourceTree = "<group>"; };
		A79F22022076C25900B303A0 /* UIControlsTests.xctest */ = {isa = PBXFileReference; explicitFileType = wrapper.cfbundle; includeInIndex = 0; path = UIControlsTests.xctest; sourceTree = BUILT_PRODUCTS_DIR; };
		A79F22062076C25900B303A0 /* UIControlsTests.swift */ = {isa = PBXFileReference; lastKnownFileType = sourcecode.swift; path = UIControlsTests.swift; sourceTree = "<group>"; };
		A79F22082076C25900B303A0 /* Info.plist */ = {isa = PBXFileReference; lastKnownFileType = text.plist.xml; path = Info.plist; sourceTree = "<group>"; };
		A79F220D2076C25900B303A0 /* UIControlsUITests.xctest */ = {isa = PBXFileReference; explicitFileType = wrapper.cfbundle; includeInIndex = 0; path = UIControlsUITests.xctest; sourceTree = BUILT_PRODUCTS_DIR; };
		A79F22112076C25900B303A0 /* UIControlsUITests.swift */ = {isa = PBXFileReference; lastKnownFileType = sourcecode.swift; path = UIControlsUITests.swift; sourceTree = "<group>"; };
		A79F22132076C25900B303A0 /* Info.plist */ = {isa = PBXFileReference; lastKnownFileType = text.plist.xml; path = Info.plist; sourceTree = "<group>"; };
		A79F221F2076C56500B303A0 /* CircularTableView.swift */ = {isa = PBXFileReference; lastKnownFileType = sourcecode.swift; path = CircularTableView.swift; sourceTree = "<group>"; };
/* End PBXFileReference section */

/* Begin PBXFrameworksBuildPhase section */
		A79F21EB2076C25100B303A0 /* Frameworks */ = {
			isa = PBXFrameworksBuildPhase;
			buildActionMask = 2147483647;
			files = (
			);
			runOnlyForDeploymentPostprocessing = 0;
		};
		A79F21FF2076C25900B303A0 /* Frameworks */ = {
			isa = PBXFrameworksBuildPhase;
			buildActionMask = 2147483647;
			files = (
			);
			runOnlyForDeploymentPostprocessing = 0;
		};
		A79F220A2076C25900B303A0 /* Frameworks */ = {
			isa = PBXFrameworksBuildPhase;
			buildActionMask = 2147483647;
			files = (
			);
			runOnlyForDeploymentPostprocessing = 0;
		};
/* End PBXFrameworksBuildPhase section */

/* Begin PBXGroup section */
		A79F21E52076C25100B303A0 = {
			isa = PBXGroup;
			children = (
				A79F21F02076C25100B303A0 /* UIControls */,
				A79F22052076C25900B303A0 /* UIControlsTests */,
				A79F22102076C25900B303A0 /* UIControlsUITests */,
				A79F21EF2076C25100B303A0 /* Products */,
			);
			sourceTree = "<group>";
		};
		A79F21EF2076C25100B303A0 /* Products */ = {
			isa = PBXGroup;
			children = (
				A79F21EE2076C25100B303A0 /* UIControls.app */,
				A79F22022076C25900B303A0 /* UIControlsTests.xctest */,
				A79F220D2076C25900B303A0 /* UIControlsUITests.xctest */,
			);
			name = Products;
			sourceTree = "<group>";
		};
		A79F21F02076C25100B303A0 /* UIControls */ = {
			isa = PBXGroup;
			children = (
				A79F21F12076C25100B303A0 /* AppDelegate.swift */,
				A79F21F32076C25100B303A0 /* ViewController.swift */,
				A79F21F52076C25100B303A0 /* Main.storyboard */,
				A79F221F2076C56500B303A0 /* CircularTableView.swift */,
				A79F21F82076C25800B303A0 /* Assets.xcassets */,
				A79F21FA2076C25800B303A0 /* LaunchScreen.storyboard */,
				A79F21FD2076C25800B303A0 /* Info.plist */,
			);
			path = UIControls;
			sourceTree = "<group>";
		};
		A79F22052076C25900B303A0 /* UIControlsTests */ = {
			isa = PBXGroup;
			children = (
				A79F22062076C25900B303A0 /* UIControlsTests.swift */,
				A79F22082076C25900B303A0 /* Info.plist */,
			);
			path = UIControlsTests;
			sourceTree = "<group>";
		};
		A79F22102076C25900B303A0 /* UIControlsUITests */ = {
			isa = PBXGroup;
			children = (
				A79F22112076C25900B303A0 /* UIControlsUITests.swift */,
				A79F22132076C25900B303A0 /* Info.plist */,
			);
			path = UIControlsUITests;
			sourceTree = "<group>";
		};
/* End PBXGroup section */

/* Begin PBXNativeTarget section */
		A79F21ED2076C25100B303A0 /* UIControls */ = {
			isa = PBXNativeTarget;
			buildConfigurationList = A79F22162076C25900B303A0 /* Build configuration list for PBXNativeTarget "UIControls" */;
			buildPhases = (
				A79F21EA2076C25100B303A0 /* Sources */,
				A79F21EB2076C25100B303A0 /* Frameworks */,
				A79F21EC2076C25100B303A0 /* Resources */,
			);
			buildRules = (
			);
			dependencies = (
			);
			name = UIControls;
			productName = UIControls;
			productReference = A79F21EE2076C25100B303A0 /* UIControls.app */;
			productType = "com.apple.product-type.application";
		};
		A79F22012076C25900B303A0 /* UIControlsTests */ = {
			isa = PBXNativeTarget;
			buildConfigurationList = A79F22192076C25900B303A0 /* Build configuration list for PBXNativeTarget "UIControlsTests" */;
			buildPhases = (
				A79F21FE2076C25900B303A0 /* Sources */,
				A79F21FF2076C25900B303A0 /* Frameworks */,
				A79F22002076C25900B303A0 /* Resources */,
			);
			buildRules = (
			);
			dependencies = (
				A79F22042076C25900B303A0 /* PBXTargetDependency */,
			);
			name = UIControlsTests;
			productName = UIControlsTests;
			productReference = A79F22022076C25900B303A0 /* UIControlsTests.xctest */;
			productType = "com.apple.product-type.bundle.unit-test";
		};
		A79F220C2076C25900B303A0 /* UIControlsUITests */ = {
			isa = PBXNativeTarget;
			buildConfigurationList = A79F221C2076C25900B303A0 /* Build configuration list for PBXNativeTarget "UIControlsUITests" */;
			buildPhases = (
				A79F22092076C25900B303A0 /* Sources */,
				A79F220A2076C25900B303A0 /* Frameworks */,
				A79F220B2076C25900B303A0 /* Resources */,
			);
			buildRules = (
			);
			dependencies = (
				A79F220F2076C25900B303A0 /* PBXTargetDependency */,
			);
			name = UIControlsUITests;
			productName = UIControlsUITests;
			productReference = A79F220D2076C25900B303A0 /* UIControlsUITests.xctest */;
			productType = "com.apple.product-type.bundle.ui-testing";
		};
/* End PBXNativeTarget section */

/* Begin PBXProject section */
		A79F21E62076C25100B303A0 /* Project object */ = {
			isa = PBXProject;
			attributes = {
				LastSwiftUpdateCheck = 0930;
				LastUpgradeCheck = 0930;
				ORGANIZATIONNAME = "Vmaior, LLC";
				TargetAttributes = {
					A79F21ED2076C25100B303A0 = {
						CreatedOnToolsVersion = 9.3;
					};
					A79F22012076C25900B303A0 = {
						CreatedOnToolsVersion = 9.3;
						TestTargetID = A79F21ED2076C25100B303A0;
					};
					A79F220C2076C25900B303A0 = {
						CreatedOnToolsVersion = 9.3;
						TestTargetID = A79F21ED2076C25100B303A0;
					};
				};
			};
			buildConfigurationList = A79F21E92076C25100B303A0 /* Build configuration list for PBXProject "UIControls" */;
			compatibilityVersion = "Xcode 9.3";
			developmentRegion = en;
			hasScannedForEncodings = 0;
			knownRegions = (
				en,
				Base,
			);
			mainGroup = A79F21E52076C25100B303A0;
			productRefGroup = A79F21EF2076C25100B303A0 /* Products */;
			projectDirPath = "";
			projectRoot = "";
			targets = (
				A79F21ED2076C25100B303A0 /* UIControls */,
				A79F22012076C25900B303A0 /* UIControlsTests */,
				A79F220C2076C25900B303A0 /* UIControlsUITests */,
			);
		};
/* End PBXProject section */

/* Begin PBXResourcesBuildPhase section */
		A79F21EC2076C25100B303A0 /* Resources */ = {
			isa = PBXResourcesBuildPhase;
			buildActionMask = 2147483647;
			files = (
				A79F21FC2076C25800B303A0 /* LaunchScreen.storyboard in Resources */,
				A79F21F92076C25800B303A0 /* Assets.xcassets in Resources */,
				A79F21F72076C25100B303A0 /* Main.storyboard in Resources */,
			);
			runOnlyForDeploymentPostprocessing = 0;
		};
		A79F22002076C25900B303A0 /* Resources */ = {
			isa = PBXResourcesBuildPhase;
			buildActionMask = 2147483647;
			files = (
			);
			runOnlyForDeploymentPostprocessing = 0;
		};
		A79F220B2076C25900B303A0 /* Resources */ = {
			isa = PBXResourcesBuildPhase;
			buildActionMask = 2147483647;
			files = (
			);
			runOnlyForDeploymentPostprocessing = 0;
		};
/* End PBXResourcesBuildPhase section */

/* Begin PBXSourcesBuildPhase section */
		A79F21EA2076C25100B303A0 /* Sources */ = {
			isa = PBXSourcesBuildPhase;
			buildActionMask = 2147483647;
			files = (
				A79F22202076C56500B303A0 /* CircularTableView.swift in Sources */,
				A79F21F42076C25100B303A0 /* ViewController.swift in Sources */,
				A79F21F22076C25100B303A0 /* AppDelegate.swift in Sources */,
			);
			runOnlyForDeploymentPostprocessing = 0;
		};
		A79F21FE2076C25900B303A0 /* Sources */ = {
			isa = PBXSourcesBuildPhase;
			buildActionMask = 2147483647;
			files = (
				A79F22072076C25900B303A0 /* UIControlsTests.swift in Sources */,
			);
			runOnlyForDeploymentPostprocessing = 0;
		};
		A79F22092076C25900B303A0 /* Sources */ = {
			isa = PBXSourcesBuildPhase;
			buildActionMask = 2147483647;
			files = (
				A79F22122076C25900B303A0 /* UIControlsUITests.swift in Sources */,
			);
			runOnlyForDeploymentPostprocessing = 0;
		};
/* End PBXSourcesBuildPhase section */

/* Begin PBXTargetDependency section */
		A79F22042076C25900B303A0 /* PBXTargetDependency */ = {
			isa = PBXTargetDependency;
			target = A79F21ED2076C25100B303A0 /* UIControls */;
			targetProxy = A79F22032076C25900B303A0 /* PBXContainerItemProxy */;
		};
		A79F220F2076C25900B303A0 /* PBXTargetDependency */ = {
			isa = PBXTargetDependency;
			target = A79F21ED2076C25100B303A0 /* UIControls */;
			targetProxy = A79F220E2076C25900B303A0 /* PBXContainerItemProxy */;
		};
/* End PBXTargetDependency section */

/* Begin PBXVariantGroup section */
		A79F21F52076C25100B303A0 /* Main.storyboard */ = {
			isa = PBXVariantGroup;
			children = (
				A79F21F62076C25100B303A0 /* Base */,
			);
			name = Main.storyboard;
			sourceTree = "<group>";
		};
		A79F21FA2076C25800B303A0 /* LaunchScreen.storyboard */ = {
			isa = PBXVariantGroup;
			children = (
				A79F21FB2076C25800B303A0 /* Base */,
			);
			name = LaunchScreen.storyboard;
			sourceTree = "<group>";
		};
/* End PBXVariantGroup section */

/* Begin XCBuildConfiguration section */
		A79F22142076C25900B303A0 /* Debug */ = {
			isa = XCBuildConfiguration;
			buildSettings = {
				ALWAYS_SEARCH_USER_PATHS = NO;
				CLANG_ANALYZER_NONNULL = YES;
				CLANG_ANALYZER_NUMBER_OBJECT_CONVERSION = YES_AGGRESSIVE;
				CLANG_CXX_LANGUAGE_STANDARD = "gnu++14";
				CLANG_CXX_LIBRARY = "libc++";
				CLANG_ENABLE_MODULES = YES;
				CLANG_ENABLE_OBJC_ARC = YES;
				CLANG_ENABLE_OBJC_WEAK = YES;
				CLANG_WARN_BLOCK_CAPTURE_AUTORELEASING = YES;
				CLANG_WARN_BOOL_CONVERSION = YES;
				CLANG_WARN_COMMA = YES;
				CLANG_WARN_CONSTANT_CONVERSION = YES;
				CLANG_WARN_DEPRECATED_OBJC_IMPLEMENTATIONS = YES;
				CLANG_WARN_DIRECT_OBJC_ISA_USAGE = YES_ERROR;
				CLANG_WARN_DOCUMENTATION_COMMENTS = YES;
				CLANG_WARN_EMPTY_BODY = YES;
				CLANG_WARN_ENUM_CONVERSION = YES;
				CLANG_WARN_INFINITE_RECURSION = YES;
				CLANG_WARN_INT_CONVERSION = YES;
				CLANG_WARN_NON_LITERAL_NULL_CONVERSION = YES;
				CLANG_WARN_OBJC_IMPLICIT_RETAIN_SELF = YES;
				CLANG_WARN_OBJC_LITERAL_CONVERSION = YES;
				CLANG_WARN_OBJC_ROOT_CLASS = YES_ERROR;
				CLANG_WARN_RANGE_LOOP_ANALYSIS = YES;
				CLANG_WARN_STRICT_PROTOTYPES = YES;
				CLANG_WARN_SUSPICIOUS_MOVE = YES;
				CLANG_WARN_UNGUARDED_AVAILABILITY = YES_AGGRESSIVE;
				CLANG_WARN_UNREACHABLE_CODE = YES;
				CLANG_WARN__DUPLICATE_METHOD_MATCH = YES;
				CODE_SIGN_IDENTITY = "iPhone Developer";
				COPY_PHASE_STRIP = NO;
				DEBUG_INFORMATION_FORMAT = dwarf;
				ENABLE_STRICT_OBJC_MSGSEND = YES;
				ENABLE_TESTABILITY = YES;
				GCC_C_LANGUAGE_STANDARD = gnu11;
				GCC_DYNAMIC_NO_PIC = NO;
				GCC_NO_COMMON_BLOCKS = YES;
				GCC_OPTIMIZATION_LEVEL = 0;
				GCC_PREPROCESSOR_DEFINITIONS = (
					"DEBUG=1",
					"$(inherited)",
				);
				GCC_WARN_64_TO_32_BIT_CONVERSION = YES;
				GCC_WARN_ABOUT_RETURN_TYPE = YES_ERROR;
				GCC_WARN_UNDECLARED_SELECTOR = YES;
				GCC_WARN_UNINITIALIZED_AUTOS = YES_AGGRESSIVE;
				GCC_WARN_UNUSED_FUNCTION = YES;
				GCC_WARN_UNUSED_VARIABLE = YES;
				IPHONEOS_DEPLOYMENT_TARGET = 11.3;
				MTL_ENABLE_DEBUG_INFO = YES;
				ONLY_ACTIVE_ARCH = YES;
				SDKROOT = iphoneos;
				SWIFT_ACTIVE_COMPILATION_CONDITIONS = DEBUG;
				SWIFT_OPTIMIZATION_LEVEL = "-Onone";
			};
			name = Debug;
		};
		A79F22152076C25900B303A0 /* Release */ = {
			isa = XCBuildConfiguration;
			buildSettings = {
				ALWAYS_SEARCH_USER_PATHS = NO;
				CLANG_ANALYZER_NONNULL = YES;
				CLANG_ANALYZER_NUMBER_OBJECT_CONVERSION = YES_AGGRESSIVE;
				CLANG_CXX_LANGUAGE_STANDARD = "gnu++14";
				CLANG_CXX_LIBRARY = "libc++";
				CLANG_ENABLE_MODULES = YES;
				CLANG_ENABLE_OBJC_ARC = YES;
				CLANG_ENABLE_OBJC_WEAK = YES;
				CLANG_WARN_BLOCK_CAPTURE_AUTORELEASING = YES;
				CLANG_WARN_BOOL_CONVERSION = YES;
				CLANG_WARN_COMMA = YES;
				CLANG_WARN_CONSTANT_CONVERSION = YES;
				CLANG_WARN_DEPRECATED_OBJC_IMPLEMENTATIONS = YES;
				CLANG_WARN_DIRECT_OBJC_ISA_USAGE = YES_ERROR;
				CLANG_WARN_DOCUMENTATION_COMMENTS = YES;
				CLANG_WARN_EMPTY_BODY = YES;
				CLANG_WARN_ENUM_CONVERSION = YES;
				CLANG_WARN_INFINITE_RECURSION = YES;
				CLANG_WARN_INT_CONVERSION = YES;
				CLANG_WARN_NON_LITERAL_NULL_CONVERSION = YES;
				CLANG_WARN_OBJC_IMPLICIT_RETAIN_SELF = YES;
				CLANG_WARN_OBJC_LITERAL_CONVERSION = YES;
				CLANG_WARN_OBJC_ROOT_CLASS = YES_ERROR;
				CLANG_WARN_RANGE_LOOP_ANALYSIS = YES;
				CLANG_WARN_STRICT_PROTOTYPES = YES;
				CLANG_WARN_SUSPICIOUS_MOVE = YES;
				CLANG_WARN_UNGUARDED_AVAILABILITY = YES_AGGRESSIVE;
				CLANG_WARN_UNREACHABLE_CODE = YES;
				CLANG_WARN__DUPLICATE_METHOD_MATCH = YES;
				CODE_SIGN_IDENTITY = "iPhone Developer";
				COPY_PHASE_STRIP = NO;
				DEBUG_INFORMATION_FORMAT = "dwarf-with-dsym";
				ENABLE_NS_ASSERTIONS = NO;
				ENABLE_STRICT_OBJC_MSGSEND = YES;
				GCC_C_LANGUAGE_STANDARD = gnu11;
				GCC_NO_COMMON_BLOCKS = YES;
				GCC_WARN_64_TO_32_BIT_CONVERSION = YES;
				GCC_WARN_ABOUT_RETURN_TYPE = YES_ERROR;
				GCC_WARN_UNDECLARED_SELECTOR = YES;
				GCC_WARN_UNINITIALIZED_AUTOS = YES_AGGRESSIVE;
				GCC_WARN_UNUSED_FUNCTION = YES;
				GCC_WARN_UNUSED_VARIABLE = YES;
				IPHONEOS_DEPLOYMENT_TARGET = 11.3;
				MTL_ENABLE_DEBUG_INFO = NO;
				SDKROOT = iphoneos;
				SWIFT_COMPILATION_MODE = wholemodule;
				SWIFT_OPTIMIZATION_LEVEL = "-O";
				VALIDATE_PRODUCT = YES;
			};
			name = Release;
		};
		A79F22172076C25900B303A0 /* Debug */ = {
			isa = XCBuildConfiguration;
			buildSettings = {
				ASSETCATALOG_COMPILER_APPICON_NAME = AppIcon;
				CODE_SIGN_STYLE = Automatic;
				INFOPLIST_FILE = UIControls/Info.plist;
				LD_RUNPATH_SEARCH_PATHS = (
					"$(inherited)",
					"@executable_path/Frameworks",
				);
				PRODUCT_BUNDLE_IDENTIFIER = Vmaior.UIControls;
				PRODUCT_NAME = "$(TARGET_NAME)";
				SWIFT_VERSION = 4.0;
				TARGETED_DEVICE_FAMILY = "1,2";
			};
			name = Debug;
		};
		A79F22182076C25900B303A0 /* Release */ = {
			isa = XCBuildConfiguration;
			buildSettings = {
				ASSETCATALOG_COMPILER_APPICON_NAME = AppIcon;
				CODE_SIGN_STYLE = Automatic;
				INFOPLIST_FILE = UIControls/Info.plist;
				LD_RUNPATH_SEARCH_PATHS = (
					"$(inherited)",
					"@executable_path/Frameworks",
				);
				PRODUCT_BUNDLE_IDENTIFIER = Vmaior.UIControls;
				PRODUCT_NAME = "$(TARGET_NAME)";
				SWIFT_VERSION = 4.0;
				TARGETED_DEVICE_FAMILY = "1,2";
			};
			name = Release;
		};
		A79F221A2076C25900B303A0 /* Debug */ = {
			isa = XCBuildConfiguration;
			buildSettings = {
				ALWAYS_EMBED_SWIFT_STANDARD_LIBRARIES = YES;
				BUNDLE_LOADER = "$(TEST_HOST)";
				CODE_SIGN_STYLE = Automatic;
				INFOPLIST_FILE = UIControlsTests/Info.plist;
				LD_RUNPATH_SEARCH_PATHS = (
					"$(inherited)",
					"@executable_path/Frameworks",
					"@loader_path/Frameworks",
				);
				PRODUCT_BUNDLE_IDENTIFIER = Vmaior.UIControlsTests;
				PRODUCT_NAME = "$(TARGET_NAME)";
				SWIFT_VERSION = 4.0;
				TARGETED_DEVICE_FAMILY = "1,2";
				TEST_HOST = "$(BUILT_PRODUCTS_DIR)/UIControls.app/UIControls";
			};
			name = Debug;
		};
		A79F221B2076C25900B303A0 /* Release */ = {
			isa = XCBuildConfiguration;
			buildSettings = {
				ALWAYS_EMBED_SWIFT_STANDARD_LIBRARIES = YES;
				BUNDLE_LOADER = "$(TEST_HOST)";
				CODE_SIGN_STYLE = Automatic;
				INFOPLIST_FILE = UIControlsTests/Info.plist;
				LD_RUNPATH_SEARCH_PATHS = (
					"$(inherited)",
					"@executable_path/Frameworks",
					"@loader_path/Frameworks",
				);
				PRODUCT_BUNDLE_IDENTIFIER = Vmaior.UIControlsTests;
				PRODUCT_NAME = "$(TARGET_NAME)";
				SWIFT_VERSION = 4.0;
				TARGETED_DEVICE_FAMILY = "1,2";
				TEST_HOST = "$(BUILT_PRODUCTS_DIR)/UIControls.app/UIControls";
			};
			name = Release;
		};
		A79F221D2076C25900B303A0 /* Debug */ = {
			isa = XCBuildConfiguration;
			buildSettings = {
				ALWAYS_EMBED_SWIFT_STANDARD_LIBRARIES = YES;
				CODE_SIGN_STYLE = Automatic;
				INFOPLIST_FILE = UIControlsUITests/Info.plist;
				LD_RUNPATH_SEARCH_PATHS = (
					"$(inherited)",
					"@executable_path/Frameworks",
					"@loader_path/Frameworks",
				);
				PRODUCT_BUNDLE_IDENTIFIER = Vmaior.UIControlsUITests;
				PRODUCT_NAME = "$(TARGET_NAME)";
				SWIFT_VERSION = 4.0;
				TARGETED_DEVICE_FAMILY = "1,2";
				TEST_TARGET_NAME = UIControls;
			};
			name = Debug;
		};
		A79F221E2076C25900B303A0 /* Release */ = {
			isa = XCBuildConfiguration;
			buildSettings = {
				ALWAYS_EMBED_SWIFT_STANDARD_LIBRARIES = YES;
				CODE_SIGN_STYLE = Automatic;
				INFOPLIST_FILE = UIControlsUITests/Info.plist;
				LD_RUNPATH_SEARCH_PATHS = (
					"$(inherited)",
					"@executable_path/Frameworks",
					"@loader_path/Frameworks",
				);
				PRODUCT_BUNDLE_IDENTIFIER = Vmaior.UIControlsUITests;
				PRODUCT_NAME = "$(TARGET_NAME)";
				SWIFT_VERSION = 4.0;
				TARGETED_DEVICE_FAMILY = "1,2";
				TEST_TARGET_NAME = UIControls;
			};
			name = Release;
		};
/* End XCBuildConfiguration section */

/* Begin XCConfigurationList section */
		A79F21E92076C25100B303A0 /* Build configuration list for PBXProject "UIControls" */ = {
			isa = XCConfigurationList;
			buildConfigurations = (
				A79F22142076C25900B303A0 /* Debug */,
				A79F22152076C25900B303A0 /* Release */,
			);
			defaultConfigurationIsVisible = 0;
			defaultConfigurationName = Release;
		};
		A79F22162076C25900B303A0 /* Build configuration list for PBXNativeTarget "UIControls" */ = {
			isa = XCConfigurationList;
			buildConfigurations = (
				A79F22172076C25900B303A0 /* Debug */,
				A79F22182076C25900B303A0 /* Release */,
			);
			defaultConfigurationIsVisible = 0;
			defaultConfigurationName = Release;
		};
		A79F22192076C25900B303A0 /* Build configuration list for PBXNativeTarget "UIControlsTests" */ = {
			isa = XCConfigurationList;
			buildConfigurations = (
				A79F221A2076C25900B303A0 /* Debug */,
				A79F221B2076C25900B303A0 /* Release */,
			);
			defaultConfigurationIsVisible = 0;
			defaultConfigurationName = Release;
		};
		A79F221C2076C25900B303A0 /* Build configuration list for PBXNativeTarget "UIControlsUITests" */ = {
			isa = XCConfigurationList;
			buildConfigurations = (
				A79F221D2076C25900B303A0 /* Debug */,
				A79F221E2076C25900B303A0 /* Release */,
			);
			defaultConfigurationIsVisible = 0;
			defaultConfigurationName = Release;
		};
/* End XCConfigurationList section */
	};
	rootObject = A79F21E62076C25100B303A0 /* Project object */;
}
